PODS:
  - AMLeaksFinder (1.2.9)
  - FBRetainCycleDetector (0.1.4)

DEPENDENCIES:
  - AMLeaksFinder (from `../`)
  - FBRetainCycleDetector

SPEC REPOS:
  trunk:
    - FBRetainCycleDetector

EXTERNAL SOURCES:
  AMLeaksFinder:
    :path: "../"

SPEC CHECKSUMS:
  AMLeaksFinder: e017afe425bba794d61dd84eacbd75f976ae68e3
  FBRetainCycleDetector: 46f8179bbb1c587deee3ea838a1a3ee02acf5015

PODFILE CHECKSUM: ecc1d9d8bfee821a08bf8f5bc4f4e6816bcd43d8

COCOAPODS: 1.9.3
