PODS:
  - AMLeaksFinder (2.0.2)
  - FBRetainCycleDetector (0.1.4)

DEPENDENCIES:
  - AMLeaksFinder (from `../`)
  - FBRetainCycleDetector

SPEC REPOS:
  trunk:
    - FBRetainCycleDetector

EXTERNAL SOURCES:
  AMLeaksFinder:
    :path: "../"

SPEC CHECKSUMS:
  AMLeaksFinder: c2ea456763a97ef5bc870bd525641baf8f7d3925
  FBRetainCycleDetector: 46f8179bbb1c587deee3ea838a1a3ee02acf5015

PODFILE CHECKSUM: a7aebd38164faf301783947f9fffa530e9783857

COCOAPODS: 1.10.0
