PODS:
  - AMLeaksFinder (1.0.6)

DEPENDENCIES:
  - AMLeaksFinder (from `../AMLeaksFinder/`)

EXTERNAL SOURCES:
  AMLeaksFinder:
    :path: "../AMLeaksFinder/"

SPEC CHECKSUMS:
  AMLeaksFinder: c915e341a1afc02edf27a77d4e0a21b5867c0ba4

PODFILE CHECKSUM: 0fa1a74d077c9a953c19ac2500462950c7f6ddc9

COCOAPODS: 1.8.3
