PODS:
  - AMLeaksFinder (1.1.9)
  - FBRetainCycleDetector (0.1.4)

DEPENDENCIES:
  - AMLeaksFinder (from `../AMLeaksFinder/`)
  - FBRetainCycleDetector

SPEC REPOS:
  trunk:
    - FBRetainCycleDetector

EXTERNAL SOURCES:
  AMLeaksFinder:
    :path: "../AMLeaksFinder/"

SPEC CHECKSUMS:
  AMLeaksFinder: 136d096c38ba134c917cfc1df8ef8ad7f5f33852
  FBRetainCycleDetector: 46f8179bbb1c587deee3ea838a1a3ee02acf5015

PODFILE CHECKSUM: 4a9860c04ec4a38a9b99eecde59b6265089daffd

COCOAPODS: 1.8.3
