PODS:
  - AMLeaksFinder (1.0.3)

DEPENDENCIES:
  - AMLeaksFinder (from `../AMLeaksFinder/`)

EXTERNAL SOURCES:
  AMLeaksFinder:
    :path: "../AMLeaksFinder/"

SPEC CHECKSUMS:
  AMLeaksFinder: ed9763c8b10f8a3f525a00f87e21debcbd0e01b5

PODFILE CHECKSUM: 0fa1a74d077c9a953c19ac2500462950c7f6ddc9

COCOAPODS: 1.8.4
