// !$*UTF8*$!
{
	archiveVersion = 1;
	classes = {
	};
	objectVersion = 50;
	objects = {

/* Begin PBXBuildFile section */
		04F26BDB247434B200EAE0C0 /* AppDelegate.m in Sources */ = {isa = PBXBuildFile; fileRef = 04F26BAA247434B100EAE0C0 /* AppDelegate.m */; };
		04F26BDC247434B200EAE0C0 /* main.m in Sources */ = {isa = PBXBuildFile; fileRef = 04F26BAB247434B100EAE0C0 /* main.m */; };
		04F26BDD247434B200EAE0C0 /* Assets.xcassets in Resources */ = {isa = PBXBuildFile; fileRef = 04F26BAC247434B100EAE0C0 /* Assets.xcassets */; };
		04F26BDE247434B200EAE0C0 /* BMeaksFinder.xcdatamodeld in Sources */ = {isa = PBXBuildFile; fileRef = 04F26BAD247434B100EAE0C0 /* BMeaksFinder.xcdatamodeld */; };
		04F26BE3247434B200EAE0C0 /* AMTopView.m in Sources */ = {isa = PBXBuildFile; fileRef = 04F26BB9247434B100EAE0C0 /* AMTopView.m */; };
		04F26BE4247434B200EAE0C0 /* AMTopView.xib in Resources */ = {isa = PBXBuildFile; fileRef = 04F26BBA247434B100EAE0C0 /* AMTopView.xib */; };
		04F26BE5247434B200EAE0C0 /* AMHomeVC.m in Sources */ = {isa = PBXBuildFile; fileRef = 04F26BBD247434B100EAE0C0 /* AMHomeVC.m */; };
		04F26BE6247434B200EAE0C0 /* AMHomeVC.xib in Resources */ = {isa = PBXBuildFile; fileRef = 04F26BBE247434B100EAE0C0 /* AMHomeVC.xib */; };
		04F26BE7247434B200EAE0C0 /* Info.plist in Resources */ = {isa = PBXBuildFile; fileRef = 04F26BBF247434B100EAE0C0 /* Info.plist */; };
		054A1B7D2474F9150067A9CF /* AMPushNoLeakVC.m in Sources */ = {isa = PBXBuildFile; fileRef = 054A1B7B2474F9150067A9CF /* AMPushNoLeakVC.m */; };
		054A1B822474F9240067A9CF /* AMPushHasLeakVC.m in Sources */ = {isa = PBXBuildFile; fileRef = 054A1B802474F9240067A9CF /* AMPushHasLeakVC.m */; };
		054A1B8C2474F9390067A9CF /* AMPresentHasLeakVC.m in Sources */ = {isa = PBXBuildFile; fileRef = 054A1B8A2474F9390067A9CF /* AMPresentHasLeakVC.m */; };
		054A1B912474F97D0067A9CF /* AMPresentNoLeakVC.m in Sources */ = {isa = PBXBuildFile; fileRef = 054A1B8F2474F97D0067A9CF /* AMPresentNoLeakVC.m */; };
		054A1B962474F9E50067A9CF /* AMBaseVC.m in Sources */ = {isa = PBXBuildFile; fileRef = 054A1B942474F9E50067A9CF /* AMBaseVC.m */; };
		0588D0F5246B8E5A00960BFC /* AMLeaksFinderTests.m in Sources */ = {isa = PBXBuildFile; fileRef = 0588D0F4246B8E5A00960BFC /* AMLeaksFinderTests.m */; };
		0588D100246B8E5A00960BFC /* AMLeaksFinderUITests.m in Sources */ = {isa = PBXBuildFile; fileRef = 0588D0FF246B8E5A00960BFC /* AMLeaksFinderUITests.m */; };
		05BCDD9B247F67DF001E3D32 /* BMNavigationController.m in Sources */ = {isa = PBXBuildFile; fileRef = 05BCDD9A247F67DF001E3D32 /* BMNavigationController.m */; };
		BA7F1C08CAAC812AC980A431 /* libPods-AMLeaksFinder.a in Frameworks */ = {isa = PBXBuildFile; fileRef = 6AA90D535DB4406CA34582AA /* libPods-AMLeaksFinder.a */; };
/* End PBXBuildFile section */

/* Begin PBXContainerItemProxy section */
		0588D0F1246B8E5A00960BFC /* PBXContainerItemProxy */ = {
			isa = PBXContainerItemProxy;
			containerPortal = 0588D0CA246B8E5700960BFC /* Project object */;
			proxyType = 1;
			remoteGlobalIDString = 0588D0D1246B8E5700960BFC;
			remoteInfo = BMeaksFinder;
		};
		0588D0FC246B8E5A00960BFC /* PBXContainerItemProxy */ = {
			isa = PBXContainerItemProxy;
			containerPortal = 0588D0CA246B8E5700960BFC /* Project object */;
			proxyType = 1;
			remoteGlobalIDString = 0588D0D1246B8E5700960BFC;
			remoteInfo = BMeaksFinder;
		};
/* End PBXContainerItemProxy section */

/* Begin PBXFileReference section */
		04760343248FC5F300F662F4 /* README_EN.md */ = {isa = PBXFileReference; lastKnownFileType = net.daringfireball.markdown; path = README_EN.md; sourceTree = "<group>"; };
		04760344248FC5F300F662F4 /* README.md */ = {isa = PBXFileReference; lastKnownFileType = net.daringfireball.markdown; path = README.md; sourceTree = "<group>"; };
		04760345248FC5F300F662F4 /* principle.md */ = {isa = PBXFileReference; lastKnownFileType = net.daringfireball.markdown; path = principle.md; sourceTree = "<group>"; };
		04760346248FC5F300F662F4 /* AMLeaksFinder.podspec */ = {isa = PBXFileReference; lastKnownFileType = text; path = AMLeaksFinder.podspec; sourceTree = "<group>"; };
		04760347248FC5F300F662F4 /* LICENSE */ = {isa = PBXFileReference; lastKnownFileType = text; path = LICENSE; sourceTree = "<group>"; };
		04F26BA9247434B100EAE0C0 /* AppDelegate.h */ = {isa = PBXFileReference; fileEncoding = 4; lastKnownFileType = sourcecode.c.h; path = AppDelegate.h; sourceTree = "<group>"; };
		04F26BAA247434B100EAE0C0 /* AppDelegate.m */ = {isa = PBXFileReference; fileEncoding = 4; lastKnownFileType = sourcecode.c.objc; path = AppDelegate.m; sourceTree = "<group>"; };
		04F26BAB247434B100EAE0C0 /* main.m */ = {isa = PBXFileReference; fileEncoding = 4; lastKnownFileType = sourcecode.c.objc; path = main.m; sourceTree = "<group>"; };
		04F26BAC247434B100EAE0C0 /* Assets.xcassets */ = {isa = PBXFileReference; lastKnownFileType = folder.assetcatalog; path = Assets.xcassets; sourceTree = "<group>"; };
		04F26BAE247434B100EAE0C0 /* BMeaksFinder.xcdatamodel */ = {isa = PBXFileReference; lastKnownFileType = wrapper.xcdatamodel; path = BMeaksFinder.xcdatamodel; sourceTree = "<group>"; };
		04F26BB8247434B100EAE0C0 /* AMTopView.h */ = {isa = PBXFileReference; fileEncoding = 4; lastKnownFileType = sourcecode.c.h; path = AMTopView.h; sourceTree = "<group>"; };
		04F26BB9247434B100EAE0C0 /* AMTopView.m */ = {isa = PBXFileReference; fileEncoding = 4; lastKnownFileType = sourcecode.c.objc; path = AMTopView.m; sourceTree = "<group>"; };
		04F26BBA247434B100EAE0C0 /* AMTopView.xib */ = {isa = PBXFileReference; fileEncoding = 4; lastKnownFileType = file.xib; path = AMTopView.xib; sourceTree = "<group>"; };
		04F26BBC247434B100EAE0C0 /* AMHomeVC.h */ = {isa = PBXFileReference; fileEncoding = 4; lastKnownFileType = sourcecode.c.h; path = AMHomeVC.h; sourceTree = "<group>"; };
		04F26BBD247434B100EAE0C0 /* AMHomeVC.m */ = {isa = PBXFileReference; fileEncoding = 4; lastKnownFileType = sourcecode.c.objc; path = AMHomeVC.m; sourceTree = "<group>"; };
		04F26BBE247434B100EAE0C0 /* AMHomeVC.xib */ = {isa = PBXFileReference; fileEncoding = 4; lastKnownFileType = file.xib; path = AMHomeVC.xib; sourceTree = "<group>"; };
		04F26BBF247434B100EAE0C0 /* Info.plist */ = {isa = PBXFileReference; fileEncoding = 4; lastKnownFileType = text.plist.xml; path = Info.plist; sourceTree = "<group>"; };
		054A1B7A2474F9150067A9CF /* AMPushNoLeakVC.h */ = {isa = PBXFileReference; lastKnownFileType = sourcecode.c.h; path = AMPushNoLeakVC.h; sourceTree = "<group>"; };
		054A1B7B2474F9150067A9CF /* AMPushNoLeakVC.m */ = {isa = PBXFileReference; lastKnownFileType = sourcecode.c.objc; path = AMPushNoLeakVC.m; sourceTree = "<group>"; };
		054A1B7F2474F9240067A9CF /* AMPushHasLeakVC.h */ = {isa = PBXFileReference; lastKnownFileType = sourcecode.c.h; path = AMPushHasLeakVC.h; sourceTree = "<group>"; };
		054A1B802474F9240067A9CF /* AMPushHasLeakVC.m */ = {isa = PBXFileReference; lastKnownFileType = sourcecode.c.objc; path = AMPushHasLeakVC.m; sourceTree = "<group>"; };
		054A1B892474F9390067A9CF /* AMPresentHasLeakVC.h */ = {isa = PBXFileReference; lastKnownFileType = sourcecode.c.h; path = AMPresentHasLeakVC.h; sourceTree = "<group>"; };
		054A1B8A2474F9390067A9CF /* AMPresentHasLeakVC.m */ = {isa = PBXFileReference; lastKnownFileType = sourcecode.c.objc; path = AMPresentHasLeakVC.m; sourceTree = "<group>"; };
		054A1B8E2474F97D0067A9CF /* AMPresentNoLeakVC.h */ = {isa = PBXFileReference; lastKnownFileType = sourcecode.c.h; path = AMPresentNoLeakVC.h; sourceTree = "<group>"; };
		054A1B8F2474F97D0067A9CF /* AMPresentNoLeakVC.m */ = {isa = PBXFileReference; lastKnownFileType = sourcecode.c.objc; path = AMPresentNoLeakVC.m; sourceTree = "<group>"; };
		054A1B932474F9E50067A9CF /* AMBaseVC.h */ = {isa = PBXFileReference; lastKnownFileType = sourcecode.c.h; path = AMBaseVC.h; sourceTree = "<group>"; };
		054A1B942474F9E50067A9CF /* AMBaseVC.m */ = {isa = PBXFileReference; lastKnownFileType = sourcecode.c.objc; path = AMBaseVC.m; sourceTree = "<group>"; };
		0588D0D2246B8E5700960BFC /* AMLeaksFinder.app */ = {isa = PBXFileReference; explicitFileType = wrapper.application; includeInIndex = 0; path = AMLeaksFinder.app; sourceTree = BUILT_PRODUCTS_DIR; };
		0588D0F0246B8E5A00960BFC /* AMLeaksFinderTests.xctest */ = {isa = PBXFileReference; explicitFileType = wrapper.cfbundle; includeInIndex = 0; path = AMLeaksFinderTests.xctest; sourceTree = BUILT_PRODUCTS_DIR; };
		0588D0F4246B8E5A00960BFC /* AMLeaksFinderTests.m */ = {isa = PBXFileReference; lastKnownFileType = sourcecode.c.objc; path = AMLeaksFinderTests.m; sourceTree = "<group>"; };
		0588D0F6246B8E5A00960BFC /* Info.plist */ = {isa = PBXFileReference; lastKnownFileType = text.plist.xml; path = Info.plist; sourceTree = "<group>"; };
		0588D0FB246B8E5A00960BFC /* AMLeaksFinderUITests.xctest */ = {isa = PBXFileReference; explicitFileType = wrapper.cfbundle; includeInIndex = 0; path = AMLeaksFinderUITests.xctest; sourceTree = BUILT_PRODUCTS_DIR; };
		0588D0FF246B8E5A00960BFC /* AMLeaksFinderUITests.m */ = {isa = PBXFileReference; lastKnownFileType = sourcecode.c.objc; path = AMLeaksFinderUITests.m; sourceTree = "<group>"; };
		0588D101246B8E5A00960BFC /* Info.plist */ = {isa = PBXFileReference; lastKnownFileType = text.plist.xml; path = Info.plist; sourceTree = "<group>"; };
		05BCDD99247F67DF001E3D32 /* BMNavigationController.h */ = {isa = PBXFileReference; lastKnownFileType = sourcecode.c.h; path = BMNavigationController.h; sourceTree = "<group>"; };
		05BCDD9A247F67DF001E3D32 /* BMNavigationController.m */ = {isa = PBXFileReference; lastKnownFileType = sourcecode.c.objc; path = BMNavigationController.m; sourceTree = "<group>"; };
		6AA90D535DB4406CA34582AA /* libPods-AMLeaksFinder.a */ = {isa = PBXFileReference; explicitFileType = archive.ar; includeInIndex = 0; path = "libPods-AMLeaksFinder.a"; sourceTree = BUILT_PRODUCTS_DIR; };
		A3423B6F635C7E53054B88FE /* Pods-AMLeaksFinder.release.xcconfig */ = {isa = PBXFileReference; includeInIndex = 1; lastKnownFileType = text.xcconfig; name = "Pods-AMLeaksFinder.release.xcconfig"; path = "Target Support Files/Pods-AMLeaksFinder/Pods-AMLeaksFinder.release.xcconfig"; sourceTree = "<group>"; };
		EF28320575D35D75656AB5CC /* Pods-AMLeaksFinder.debug.xcconfig */ = {isa = PBXFileReference; includeInIndex = 1; lastKnownFileType = text.xcconfig; name = "Pods-AMLeaksFinder.debug.xcconfig"; path = "Target Support Files/Pods-AMLeaksFinder/Pods-AMLeaksFinder.debug.xcconfig"; sourceTree = "<group>"; };
/* End PBXFileReference section */

/* Begin PBXFrameworksBuildPhase section */
		0588D0CF246B8E5700960BFC /* Frameworks */ = {
			isa = PBXFrameworksBuildPhase;
			buildActionMask = 2147483647;
			files = (
				BA7F1C08CAAC812AC980A431 /* libPods-AMLeaksFinder.a in Frameworks */,
			);
			runOnlyForDeploymentPostprocessing = 0;
		};
		0588D0ED246B8E5A00960BFC /* Frameworks */ = {
			isa = PBXFrameworksBuildPhase;
			buildActionMask = 2147483647;
			files = (
			);
			runOnlyForDeploymentPostprocessing = 0;
		};
		0588D0F8246B8E5A00960BFC /* Frameworks */ = {
			isa = PBXFrameworksBuildPhase;
			buildActionMask = 2147483647;
			files = (
			);
			runOnlyForDeploymentPostprocessing = 0;
		};
/* End PBXFrameworksBuildPhase section */

/* Begin PBXGroup section */
		04F26BA7247434B100EAE0C0 /* AMLeaksFinder */ = {
			isa = PBXGroup;
			children = (
				04F26BA8247434B100EAE0C0 /* AppDelegate */,
				04F26BAF247434B100EAE0C0 /* Classes */,
				04F26BAC247434B100EAE0C0 /* Assets.xcassets */,
				04F26BAD247434B100EAE0C0 /* BMeaksFinder.xcdatamodeld */,
				04F26BBF247434B100EAE0C0 /* Info.plist */,
			);
			path = AMLeaksFinder;
			sourceTree = "<group>";
		};
		04F26BA8247434B100EAE0C0 /* AppDelegate */ = {
			isa = PBXGroup;
			children = (
				04F26BA9247434B100EAE0C0 /* AppDelegate.h */,
				04F26BAA247434B100EAE0C0 /* AppDelegate.m */,
				04F26BAB247434B100EAE0C0 /* main.m */,
			);
			path = AppDelegate;
			sourceTree = "<group>";
		};
		04F26BAF247434B100EAE0C0 /* Classes */ = {
			isa = PBXGroup;
			children = (
				054A1B992474FB5D0067A9CF /* View */,
				054A1B982474FB4F0067A9CF /* Base */,
				054A1B792474F8E80067A9CF /* Controllers */,
				04F26BBB247434B100EAE0C0 /* Home */,
			);
			path = Classes;
			sourceTree = "<group>";
		};
		04F26BBB247434B100EAE0C0 /* Home */ = {
			isa = PBXGroup;
			children = (
				04F26BBC247434B100EAE0C0 /* AMHomeVC.h */,
				04F26BBD247434B100EAE0C0 /* AMHomeVC.m */,
				04F26BBE247434B100EAE0C0 /* AMHomeVC.xib */,
				05BCDD99247F67DF001E3D32 /* BMNavigationController.h */,
				05BCDD9A247F67DF001E3D32 /* BMNavigationController.m */,
			);
			path = Home;
			sourceTree = "<group>";
		};
		054A1B792474F8E80067A9CF /* Controllers */ = {
			isa = PBXGroup;
			children = (
				054A1B7A2474F9150067A9CF /* AMPushNoLeakVC.h */,
				054A1B7B2474F9150067A9CF /* AMPushNoLeakVC.m */,
				054A1B7F2474F9240067A9CF /* AMPushHasLeakVC.h */,
				054A1B802474F9240067A9CF /* AMPushHasLeakVC.m */,
				054A1B8E2474F97D0067A9CF /* AMPresentNoLeakVC.h */,
				054A1B8F2474F97D0067A9CF /* AMPresentNoLeakVC.m */,
				054A1B892474F9390067A9CF /* AMPresentHasLeakVC.h */,
				054A1B8A2474F9390067A9CF /* AMPresentHasLeakVC.m */,
			);
			path = Controllers;
			sourceTree = "<group>";
		};
		054A1B982474FB4F0067A9CF /* Base */ = {
			isa = PBXGroup;
			children = (
				054A1B932474F9E50067A9CF /* AMBaseVC.h */,
				054A1B942474F9E50067A9CF /* AMBaseVC.m */,
			);
			path = Base;
			sourceTree = "<group>";
		};
		054A1B992474FB5D0067A9CF /* View */ = {
			isa = PBXGroup;
			children = (
				04F26BB8247434B100EAE0C0 /* AMTopView.h */,
				04F26BB9247434B100EAE0C0 /* AMTopView.m */,
				04F26BBA247434B100EAE0C0 /* AMTopView.xib */,
			);
			path = View;
			sourceTree = "<group>";
		};
		0588D0C9246B8E5700960BFC = {
			isa = PBXGroup;
			children = (
				04760346248FC5F300F662F4 /* AMLeaksFinder.podspec */,
				04760347248FC5F300F662F4 /* LICENSE */,
				04760345248FC5F300F662F4 /* principle.md */,
				04760343248FC5F300F662F4 /* README_EN.md */,
				04760344248FC5F300F662F4 /* README.md */,
				04F26BA7247434B100EAE0C0 /* AMLeaksFinder */,
				0588D0F3246B8E5A00960BFC /* AMLeaksFinderTests */,
				0588D0FE246B8E5A00960BFC /* AMLeaksFinderUITests */,
				0588D0D3246B8E5700960BFC /* Products */,
				C826977CE69D30649F6FFBC9 /* Pods */,
				A6A33BE6F41CC35608821A9C /* Frameworks */,
			);
			sourceTree = "<group>";
		};
		0588D0D3246B8E5700960BFC /* Products */ = {
			isa = PBXGroup;
			children = (
				0588D0D2246B8E5700960BFC /* AMLeaksFinder.app */,
				0588D0F0246B8E5A00960BFC /* AMLeaksFinderTests.xctest */,
				0588D0FB246B8E5A00960BFC /* AMLeaksFinderUITests.xctest */,
			);
			name = Products;
			sourceTree = "<group>";
		};
		0588D0F3246B8E5A00960BFC /* AMLeaksFinderTests */ = {
			isa = PBXGroup;
			children = (
				0588D0F4246B8E5A00960BFC /* AMLeaksFinderTests.m */,
				0588D0F6246B8E5A00960BFC /* Info.plist */,
			);
			path = AMLeaksFinderTests;
			sourceTree = "<group>";
		};
		0588D0FE246B8E5A00960BFC /* AMLeaksFinderUITests */ = {
			isa = PBXGroup;
			children = (
				0588D0FF246B8E5A00960BFC /* AMLeaksFinderUITests.m */,
				0588D101246B8E5A00960BFC /* Info.plist */,
			);
			path = AMLeaksFinderUITests;
			sourceTree = "<group>";
		};
		A6A33BE6F41CC35608821A9C /* Frameworks */ = {
			isa = PBXGroup;
			children = (
				6AA90D535DB4406CA34582AA /* libPods-AMLeaksFinder.a */,
			);
			name = Frameworks;
			sourceTree = "<group>";
		};
		C826977CE69D30649F6FFBC9 /* Pods */ = {
			isa = PBXGroup;
			children = (
				EF28320575D35D75656AB5CC /* Pods-AMLeaksFinder.debug.xcconfig */,
				A3423B6F635C7E53054B88FE /* Pods-AMLeaksFinder.release.xcconfig */,
			);
			path = Pods;
			sourceTree = "<group>";
		};
/* End PBXGroup section */

/* Begin PBXNativeTarget section */
		0588D0D1246B8E5700960BFC /* AMLeaksFinder */ = {
			isa = PBXNativeTarget;
			buildConfigurationList = 0588D104246B8E5A00960BFC /* Build configuration list for PBXNativeTarget "AMLeaksFinder" */;
			buildPhases = (
				3CA8CC5B9C9F26A70746E590 /* [CP] Check Pods Manifest.lock */,
				0588D0CE246B8E5700960BFC /* Sources */,
				0588D0CF246B8E5700960BFC /* Frameworks */,
				0588D0D0246B8E5700960BFC /* Resources */,
			);
			buildRules = (
			);
			dependencies = (
			);
			name = AMLeaksFinder;
			productName = BMeaksFinder;
			productReference = 0588D0D2246B8E5700960BFC /* AMLeaksFinder.app */;
			productType = "com.apple.product-type.application";
		};
		0588D0EF246B8E5A00960BFC /* AMLeaksFinderTests */ = {
			isa = PBXNativeTarget;
			buildConfigurationList = 0588D107246B8E5A00960BFC /* Build configuration list for PBXNativeTarget "AMLeaksFinderTests" */;
			buildPhases = (
				0588D0EC246B8E5A00960BFC /* Sources */,
				0588D0ED246B8E5A00960BFC /* Frameworks */,
				0588D0EE246B8E5A00960BFC /* Resources */,
			);
			buildRules = (
			);
			dependencies = (
				0588D0F2246B8E5A00960BFC /* PBXTargetDependency */,
			);
			name = AMLeaksFinderTests;
			productName = BMeaksFinderTests;
			productReference = 0588D0F0246B8E5A00960BFC /* AMLeaksFinderTests.xctest */;
			productType = "com.apple.product-type.bundle.unit-test";
		};
		0588D0FA246B8E5A00960BFC /* AMLeaksFinderUITests */ = {
			isa = PBXNativeTarget;
			buildConfigurationList = 0588D10A246B8E5A00960BFC /* Build configuration list for PBXNativeTarget "AMLeaksFinderUITests" */;
			buildPhases = (
				0588D0F7246B8E5A00960BFC /* Sources */,
				0588D0F8246B8E5A00960BFC /* Frameworks */,
				0588D0F9246B8E5A00960BFC /* Resources */,
			);
			buildRules = (
			);
			dependencies = (
				0588D0FD246B8E5A00960BFC /* PBXTargetDependency */,
			);
			name = AMLeaksFinderUITests;
			productName = BMeaksFinderUITests;
			productReference = 0588D0FB246B8E5A00960BFC /* AMLeaksFinderUITests.xctest */;
			productType = "com.apple.product-type.bundle.ui-testing";
		};
/* End PBXNativeTarget section */

/* Begin PBXProject section */
		0588D0CA246B8E5700960BFC /* Project object */ = {
			isa = PBXProject;
			attributes = {
				LastUpgradeCheck = 1140;
				ORGANIZATIONNAME = liangdahong;
				TargetAttributes = {
					0588D0D1246B8E5700960BFC = {
						CreatedOnToolsVersion = 11.4.1;
					};
					0588D0EF246B8E5A00960BFC = {
						CreatedOnToolsVersion = 11.4.1;
						TestTargetID = 0588D0D1246B8E5700960BFC;
					};
					0588D0FA246B8E5A00960BFC = {
						CreatedOnToolsVersion = 11.4.1;
						TestTargetID = 0588D0D1246B8E5700960BFC;
					};
				};
			};
			buildConfigurationList = 0588D0CD246B8E5700960BFC /* Build configuration list for PBXProject "AMLeaksFinder" */;
			compatibilityVersion = "Xcode 9.3";
			developmentRegion = en;
			hasScannedForEncodings = 0;
			knownRegions = (
				en,
				Base,
			);
			mainGroup = 0588D0C9246B8E5700960BFC;
			productRefGroup = 0588D0D3246B8E5700960BFC /* Products */;
			projectDirPath = "";
			projectRoot = "";
			targets = (
				0588D0D1246B8E5700960BFC /* AMLeaksFinder */,
				0588D0EF246B8E5A00960BFC /* AMLeaksFinderTests */,
				0588D0FA246B8E5A00960BFC /* AMLeaksFinderUITests */,
			);
		};
/* End PBXProject section */

/* Begin PBXResourcesBuildPhase section */
		0588D0D0246B8E5700960BFC /* Resources */ = {
			isa = PBXResourcesBuildPhase;
			buildActionMask = 2147483647;
			files = (
				04F26BE4247434B200EAE0C0 /* AMTopView.xib in Resources */,
				04F26BDD247434B200EAE0C0 /* Assets.xcassets in Resources */,
				04F26BE7247434B200EAE0C0 /* Info.plist in Resources */,
				04F26BE6247434B200EAE0C0 /* AMHomeVC.xib in Resources */,
			);
			runOnlyForDeploymentPostprocessing = 0;
		};
		0588D0EE246B8E5A00960BFC /* Resources */ = {
			isa = PBXResourcesBuildPhase;
			buildActionMask = 2147483647;
			files = (
			);
			runOnlyForDeploymentPostprocessing = 0;
		};
		0588D0F9246B8E5A00960BFC /* Resources */ = {
			isa = PBXResourcesBuildPhase;
			buildActionMask = 2147483647;
			files = (
			);
			runOnlyForDeploymentPostprocessing = 0;
		};
/* End PBXResourcesBuildPhase section */

/* Begin PBXShellScriptBuildPhase section */
		3CA8CC5B9C9F26A70746E590 /* [CP] Check Pods Manifest.lock */ = {
			isa = PBXShellScriptBuildPhase;
			buildActionMask = 2147483647;
			files = (
			);
			inputFileListPaths = (
			);
			inputPaths = (
				"${PODS_PODFILE_DIR_PATH}/Podfile.lock",
				"${PODS_ROOT}/Manifest.lock",
			);
			name = "[CP] Check Pods Manifest.lock";
			outputFileListPaths = (
			);
			outputPaths = (
				"$(DERIVED_FILE_DIR)/Pods-AMLeaksFinder-checkManifestLockResult.txt",
			);
			runOnlyForDeploymentPostprocessing = 0;
			shellPath = /bin/sh;
			shellScript = "diff \"${PODS_PODFILE_DIR_PATH}/Podfile.lock\" \"${PODS_ROOT}/Manifest.lock\" > /dev/null\nif [ $? != 0 ] ; then\n    # print error to STDERR\n    echo \"error: The sandbox is not in sync with the Podfile.lock. Run 'pod install' or update your CocoaPods installation.\" >&2\n    exit 1\nfi\n# This output is used by Xcode 'outputs' to avoid re-running this script phase.\necho \"SUCCESS\" > \"${SCRIPT_OUTPUT_FILE_0}\"\n";
			showEnvVarsInLog = 0;
		};
/* End PBXShellScriptBuildPhase section */

/* Begin PBXSourcesBuildPhase section */
		0588D0CE246B8E5700960BFC /* Sources */ = {
			isa = PBXSourcesBuildPhase;
			buildActionMask = 2147483647;
			files = (
				054A1B8C2474F9390067A9CF /* AMPresentHasLeakVC.m in Sources */,
				04F26BDC247434B200EAE0C0 /* main.m in Sources */,
				054A1B912474F97D0067A9CF /* AMPresentNoLeakVC.m in Sources */,
				054A1B962474F9E50067A9CF /* AMBaseVC.m in Sources */,
				04F26BE5247434B200EAE0C0 /* AMHomeVC.m in Sources */,
				04F26BE3247434B200EAE0C0 /* AMTopView.m in Sources */,
				04F26BDE247434B200EAE0C0 /* BMeaksFinder.xcdatamodeld in Sources */,
				054A1B822474F9240067A9CF /* AMPushHasLeakVC.m in Sources */,
				054A1B7D2474F9150067A9CF /* AMPushNoLeakVC.m in Sources */,
				04F26BDB247434B200EAE0C0 /* AppDelegate.m in Sources */,
				05BCDD9B247F67DF001E3D32 /* BMNavigationController.m in Sources */,
			);
			runOnlyForDeploymentPostprocessing = 0;
		};
		0588D0EC246B8E5A00960BFC /* Sources */ = {
			isa = PBXSourcesBuildPhase;
			buildActionMask = 2147483647;
			files = (
				0588D0F5246B8E5A00960BFC /* AMLeaksFinderTests.m in Sources */,
			);
			runOnlyForDeploymentPostprocessing = 0;
		};
		0588D0F7246B8E5A00960BFC /* Sources */ = {
			isa = PBXSourcesBuildPhase;
			buildActionMask = 2147483647;
			files = (
				0588D100246B8E5A00960BFC /* AMLeaksFinderUITests.m in Sources */,
			);
			runOnlyForDeploymentPostprocessing = 0;
		};
/* End PBXSourcesBuildPhase section */

/* Begin PBXTargetDependency section */
		0588D0F2246B8E5A00960BFC /* PBXTargetDependency */ = {
			isa = PBXTargetDependency;
			target = 0588D0D1246B8E5700960BFC /* AMLeaksFinder */;
			targetProxy = 0588D0F1246B8E5A00960BFC /* PBXContainerItemProxy */;
		};
		0588D0FD246B8E5A00960BFC /* PBXTargetDependency */ = {
			isa = PBXTargetDependency;
			target = 0588D0D1246B8E5700960BFC /* AMLeaksFinder */;
			targetProxy = 0588D0FC246B8E5A00960BFC /* PBXContainerItemProxy */;
		};
/* End PBXTargetDependency section */

/* Begin XCBuildConfiguration section */
		0588D102246B8E5A00960BFC /* Debug */ = {
			isa = XCBuildConfiguration;
			buildSettings = {
				ALWAYS_SEARCH_USER_PATHS = NO;
				CLANG_ANALYZER_NONNULL = YES;
				CLANG_ANALYZER_NUMBER_OBJECT_CONVERSION = YES_AGGRESSIVE;
				CLANG_CXX_LANGUAGE_STANDARD = "gnu++14";
				CLANG_CXX_LIBRARY = "libc++";
				CLANG_ENABLE_MODULES = YES;
				CLANG_ENABLE_OBJC_ARC = YES;
				CLANG_ENABLE_OBJC_WEAK = YES;
				CLANG_WARN_BLOCK_CAPTURE_AUTORELEASING = YES;
				CLANG_WARN_BOOL_CONVERSION = YES;
				CLANG_WARN_COMMA = YES;
				CLANG_WARN_CONSTANT_CONVERSION = YES;
				CLANG_WARN_DEPRECATED_OBJC_IMPLEMENTATIONS = YES;
				CLANG_WARN_DIRECT_OBJC_ISA_USAGE = YES_ERROR;
				CLANG_WARN_DOCUMENTATION_COMMENTS = YES;
				CLANG_WARN_EMPTY_BODY = YES;
				CLANG_WARN_ENUM_CONVERSION = YES;
				CLANG_WARN_INFINITE_RECURSION = YES;
				CLANG_WARN_INT_CONVERSION = YES;
				CLANG_WARN_NON_LITERAL_NULL_CONVERSION = YES;
				CLANG_WARN_OBJC_IMPLICIT_RETAIN_SELF = YES;
				CLANG_WARN_OBJC_LITERAL_CONVERSION = YES;
				CLANG_WARN_OBJC_ROOT_CLASS = YES_ERROR;
				CLANG_WARN_RANGE_LOOP_ANALYSIS = YES;
				CLANG_WARN_STRICT_PROTOTYPES = YES;
				CLANG_WARN_SUSPICIOUS_MOVE = YES;
				CLANG_WARN_UNGUARDED_AVAILABILITY = YES_AGGRESSIVE;
				CLANG_WARN_UNREACHABLE_CODE = YES;
				CLANG_WARN__DUPLICATE_METHOD_MATCH = YES;
				COPY_PHASE_STRIP = NO;
				DEBUG_INFORMATION_FORMAT = dwarf;
				ENABLE_STRICT_OBJC_MSGSEND = YES;
				ENABLE_TESTABILITY = YES;
				GCC_C_LANGUAGE_STANDARD = gnu11;
				GCC_DYNAMIC_NO_PIC = NO;
				GCC_NO_COMMON_BLOCKS = YES;
				GCC_OPTIMIZATION_LEVEL = 0;
				GCC_PREPROCESSOR_DEFINITIONS = (
					"DEBUG=1",
					"$(inherited)",
				);
				GCC_WARN_64_TO_32_BIT_CONVERSION = YES;
				GCC_WARN_ABOUT_RETURN_TYPE = YES_ERROR;
				GCC_WARN_UNDECLARED_SELECTOR = YES;
				GCC_WARN_UNINITIALIZED_AUTOS = YES_AGGRESSIVE;
				GCC_WARN_UNUSED_FUNCTION = YES;
				GCC_WARN_UNUSED_VARIABLE = YES;
				IPHONEOS_DEPLOYMENT_TARGET = 13.4;
				MTL_ENABLE_DEBUG_INFO = INCLUDE_SOURCE;
				MTL_FAST_MATH = YES;
				ONLY_ACTIVE_ARCH = YES;
				SDKROOT = iphoneos;
			};
			name = Debug;
		};
		0588D103246B8E5A00960BFC /* Release */ = {
			isa = XCBuildConfiguration;
			buildSettings = {
				ALWAYS_SEARCH_USER_PATHS = NO;
				CLANG_ANALYZER_NONNULL = YES;
				CLANG_ANALYZER_NUMBER_OBJECT_CONVERSION = YES_AGGRESSIVE;
				CLANG_CXX_LANGUAGE_STANDARD = "gnu++14";
				CLANG_CXX_LIBRARY = "libc++";
				CLANG_ENABLE_MODULES = YES;
				CLANG_ENABLE_OBJC_ARC = YES;
				CLANG_ENABLE_OBJC_WEAK = YES;
				CLANG_WARN_BLOCK_CAPTURE_AUTORELEASING = YES;
				CLANG_WARN_BOOL_CONVERSION = YES;
				CLANG_WARN_COMMA = YES;
				CLANG_WARN_CONSTANT_CONVERSION = YES;
				CLANG_WARN_DEPRECATED_OBJC_IMPLEMENTATIONS = YES;
				CLANG_WARN_DIRECT_OBJC_ISA_USAGE = YES_ERROR;
				CLANG_WARN_DOCUMENTATION_COMMENTS = YES;
				CLANG_WARN_EMPTY_BODY = YES;
				CLANG_WARN_ENUM_CONVERSION = YES;
				CLANG_WARN_INFINITE_RECURSION = YES;
				CLANG_WARN_INT_CONVERSION = YES;
				CLANG_WARN_NON_LITERAL_NULL_CONVERSION = YES;
				CLANG_WARN_OBJC_IMPLICIT_RETAIN_SELF = YES;
				CLANG_WARN_OBJC_LITERAL_CONVERSION = YES;
				CLANG_WARN_OBJC_ROOT_CLASS = YES_ERROR;
				CLANG_WARN_RANGE_LOOP_ANALYSIS = YES;
				CLANG_WARN_STRICT_PROTOTYPES = YES;
				CLANG_WARN_SUSPICIOUS_MOVE = YES;
				CLANG_WARN_UNGUARDED_AVAILABILITY = YES_AGGRESSIVE;
				CLANG_WARN_UNREACHABLE_CODE = YES;
				CLANG_WARN__DUPLICATE_METHOD_MATCH = YES;
				COPY_PHASE_STRIP = NO;
				DEBUG_INFORMATION_FORMAT = "dwarf-with-dsym";
				ENABLE_NS_ASSERTIONS = NO;
				ENABLE_STRICT_OBJC_MSGSEND = YES;
				GCC_C_LANGUAGE_STANDARD = gnu11;
				GCC_NO_COMMON_BLOCKS = YES;
				GCC_WARN_64_TO_32_BIT_CONVERSION = YES;
				GCC_WARN_ABOUT_RETURN_TYPE = YES_ERROR;
				GCC_WARN_UNDECLARED_SELECTOR = YES;
				GCC_WARN_UNINITIALIZED_AUTOS = YES_AGGRESSIVE;
				GCC_WARN_UNUSED_FUNCTION = YES;
				GCC_WARN_UNUSED_VARIABLE = YES;
				IPHONEOS_DEPLOYMENT_TARGET = 13.4;
				MTL_ENABLE_DEBUG_INFO = NO;
				MTL_FAST_MATH = YES;
				SDKROOT = iphoneos;
				VALIDATE_PRODUCT = YES;
			};
			name = Release;
		};
		0588D105246B8E5A00960BFC /* Debug */ = {
			isa = XCBuildConfiguration;
			baseConfigurationReference = EF28320575D35D75656AB5CC /* Pods-AMLeaksFinder.debug.xcconfig */;
			buildSettings = {
				ASSETCATALOG_COMPILER_APPICON_NAME = AppIcon;
				CODE_SIGN_STYLE = Automatic;
				DEVELOPMENT_TEAM = VG78JT6CG8;
				INFOPLIST_FILE = "$(SRCROOT)/AMLeaksFinder/Info.plist";
				IPHONEOS_DEPLOYMENT_TARGET = 9.0;
				LD_RUNPATH_SEARCH_PATHS = (
					"$(inherited)",
					"@executable_path/Frameworks",
				);
				PRODUCT_BUNDLE_IDENTIFIER = com.liangdahong.AMLeaksFinder;
				PRODUCT_NAME = AMLeaksFinder;
				TARGETED_DEVICE_FAMILY = "1,2";
			};
			name = Debug;
		};
		0588D106246B8E5A00960BFC /* Release */ = {
			isa = XCBuildConfiguration;
			baseConfigurationReference = A3423B6F635C7E53054B88FE /* Pods-AMLeaksFinder.release.xcconfig */;
			buildSettings = {
				ASSETCATALOG_COMPILER_APPICON_NAME = AppIcon;
				CODE_SIGN_STYLE = Automatic;
				DEVELOPMENT_TEAM = VG78JT6CG8;
				INFOPLIST_FILE = "$(SRCROOT)/AMLeaksFinder/Info.plist";
				IPHONEOS_DEPLOYMENT_TARGET = 9.0;
				LD_RUNPATH_SEARCH_PATHS = (
					"$(inherited)",
					"@executable_path/Frameworks",
				);
				PRODUCT_BUNDLE_IDENTIFIER = com.liangdahong.AMLeaksFinder;
				PRODUCT_NAME = AMLeaksFinder;
				TARGETED_DEVICE_FAMILY = "1,2";
			};
			name = Release;
		};
		0588D108246B8E5A00960BFC /* Debug */ = {
			isa = XCBuildConfiguration;
			buildSettings = {
				BUNDLE_LOADER = "$(TEST_HOST)";
				CODE_SIGN_STYLE = Automatic;
				DEVELOPMENT_TEAM = VG78JT6CG8;
				INFOPLIST_FILE = BMeaksFinderTests/Info.plist;
				IPHONEOS_DEPLOYMENT_TARGET = 13.4;
				LD_RUNPATH_SEARCH_PATHS = (
					"$(inherited)",
					"@executable_path/Frameworks",
					"@loader_path/Frameworks",
				);
				PRODUCT_BUNDLE_IDENTIFIER = com.liangdahong.BMeaksFinderTests;
				PRODUCT_NAME = "$(TARGET_NAME)";
				TARGETED_DEVICE_FAMILY = "1,2";
				TEST_HOST = "$(BUILT_PRODUCTS_DIR)/AMLeaksFinder.app/AMLeaksFinder";
			};
			name = Debug;
		};
		0588D109246B8E5A00960BFC /* Release */ = {
			isa = XCBuildConfiguration;
			buildSettings = {
				BUNDLE_LOADER = "$(TEST_HOST)";
				CODE_SIGN_STYLE = Automatic;
				DEVELOPMENT_TEAM = VG78JT6CG8;
				INFOPLIST_FILE = BMeaksFinderTests/Info.plist;
				IPHONEOS_DEPLOYMENT_TARGET = 13.4;
				LD_RUNPATH_SEARCH_PATHS = (
					"$(inherited)",
					"@executable_path/Frameworks",
					"@loader_path/Frameworks",
				);
				PRODUCT_BUNDLE_IDENTIFIER = com.liangdahong.BMeaksFinderTests;
				PRODUCT_NAME = "$(TARGET_NAME)";
				TARGETED_DEVICE_FAMILY = "1,2";
				TEST_HOST = "$(BUILT_PRODUCTS_DIR)/AMLeaksFinder.app/AMLeaksFinder";
			};
			name = Release;
		};
		0588D10B246B8E5A00960BFC /* Debug */ = {
			isa = XCBuildConfiguration;
			buildSettings = {
				CODE_SIGN_STYLE = Automatic;
				DEVELOPMENT_TEAM = VG78JT6CG8;
				INFOPLIST_FILE = BMeaksFinderUITests/Info.plist;
				LD_RUNPATH_SEARCH_PATHS = (
					"$(inherited)",
					"@executable_path/Frameworks",
					"@loader_path/Frameworks",
				);
				PRODUCT_BUNDLE_IDENTIFIER = com.liangdahong.BMeaksFinderUITests;
				PRODUCT_NAME = "$(TARGET_NAME)";
				TARGETED_DEVICE_FAMILY = "1,2";
				TEST_TARGET_NAME = BMeaksFinder;
			};
			name = Debug;
		};
		0588D10C246B8E5A00960BFC /* Release */ = {
			isa = XCBuildConfiguration;
			buildSettings = {
				CODE_SIGN_STYLE = Automatic;
				DEVELOPMENT_TEAM = VG78JT6CG8;
				INFOPLIST_FILE = BMeaksFinderUITests/Info.plist;
				LD_RUNPATH_SEARCH_PATHS = (
					"$(inherited)",
					"@executable_path/Frameworks",
					"@loader_path/Frameworks",
				);
				PRODUCT_BUNDLE_IDENTIFIER = com.liangdahong.BMeaksFinderUITests;
				PRODUCT_NAME = "$(TARGET_NAME)";
				TARGETED_DEVICE_FAMILY = "1,2";
				TEST_TARGET_NAME = BMeaksFinder;
			};
			name = Release;
		};
/* End XCBuildConfiguration section */

/* Begin XCConfigurationList section */
		0588D0CD246B8E5700960BFC /* Build configuration list for PBXProject "AMLeaksFinder" */ = {
			isa = XCConfigurationList;
			buildConfigurations = (
				0588D102246B8E5A00960BFC /* Debug */,
				0588D103246B8E5A00960BFC /* Release */,
			);
			defaultConfigurationIsVisible = 0;
			defaultConfigurationName = Release;
		};
		0588D104246B8E5A00960BFC /* Build configuration list for PBXNativeTarget "AMLeaksFinder" */ = {
			isa = XCConfigurationList;
			buildConfigurations = (
				0588D105246B8E5A00960BFC /* Debug */,
				0588D106246B8E5A00960BFC /* Release */,
			);
			defaultConfigurationIsVisible = 0;
			defaultConfigurationName = Release;
		};
		0588D107246B8E5A00960BFC /* Build configuration list for PBXNativeTarget "AMLeaksFinderTests" */ = {
			isa = XCConfigurationList;
			buildConfigurations = (
				0588D108246B8E5A00960BFC /* Debug */,
				0588D109246B8E5A00960BFC /* Release */,
			);
			defaultConfigurationIsVisible = 0;
			defaultConfigurationName = Release;
		};
		0588D10A246B8E5A00960BFC /* Build configuration list for PBXNativeTarget "AMLeaksFinderUITests" */ = {
			isa = XCConfigurationList;
			buildConfigurations = (
				0588D10B246B8E5A00960BFC /* Debug */,
				0588D10C246B8E5A00960BFC /* Release */,
			);
			defaultConfigurationIsVisible = 0;
			defaultConfigurationName = Release;
		};
/* End XCConfigurationList section */

/* Begin XCVersionGroup section */
		04F26BAD247434B100EAE0C0 /* BMeaksFinder.xcdatamodeld */ = {
			isa = XCVersionGroup;
			children = (
				04F26BAE247434B100EAE0C0 /* BMeaksFinder.xcdatamodel */,
			);
			currentVersion = 04F26BAE247434B100EAE0C0 /* BMeaksFinder.xcdatamodel */;
			path = BMeaksFinder.xcdatamodeld;
			sourceTree = "<group>";
			versionGroupType = wrapper.xcdatamodel;
		};
/* End XCVersionGroup section */
	};
	rootObject = 0588D0CA246B8E5700960BFC /* Project object */;
}
